
Microsoft Visual Studio Solution File, Format Version 12.00
# Visual Studio 15
VisualStudioVersion = 15.0.27428.2015
MinimumVisualStudioVersion = 10.0.40219.1
Project("{9A19103F-16F7-4668-BE54-9A1E7A4F7556}") = "BPCalculator", "BPCalculator\BPCalculator.csproj", "{46B7A821-ABD1-4961-AB3F-3C7DB89A0169}"
EndProject
Project("{9A19103F-16F7-4668-BE54-9A1E7A4F7556}") = "UnitTestBloodPressureTests", "BPCalculator.Tests\UnitTestBloodPressureTests.csproj", "{915F5AA3-0AC6-4888-A1A5-DBB9677426C7}"
EndProject
Project("{2150E333-8FDC-42A3-9474-1A3956D46DE8}") = "Solution Items", "Solution Items", "{6FD6603D-EF73-4631-8E1C-E18035496980}"
	ProjectSection(SolutionItems) = preProject
		AcceptanceTests.runsettings = AcceptanceTests.runsettings
		CodeCoverage.runsettings = CodeCoverage.runsettings
	EndProjectSection
EndProject
Project("{9A19103F-16F7-4668-BE54-9A1E7A4F7556}") = "Acceptance.Tests", "Acceptance.Tests\Acceptance.Tests.csproj", "{E6E4D445-2CEA-4262-B3CB-C1385D6E8F43}"
EndProject
Global
	GlobalSection(SolutionConfigurationPlatforms) = preSolution
		Debug|Any CPU = Debug|Any CPU
		Release|Any CPU = Release|Any CPU
	EndGlobalSection
	GlobalSection(ProjectConfigurationPlatforms) = postSolution
		{46B7A821-ABD1-4961-AB3F-3C7DB89A0169}.Debug|Any CPU.ActiveCfg = Debug|Any CPU
		{46B7A821-ABD1-4961-AB3F-3C7DB89A0169}.Debug|Any CPU.Build.0 = Debug|Any CPU
		{46B7A821-ABD1-4961-AB3F-3C7DB89A0169}.Release|Any CPU.ActiveCfg = Release|Any CPU
		{46B7A821-ABD1-4961-AB3F-3C7DB89A0169}.Release|Any CPU.Build.0 = Release|Any CPU
		{915F5AA3-0AC6-4888-A1A5-DBB9677426C7}.Debug|Any CPU.ActiveCfg = Debug|Any CPU
		{915F5AA3-0AC6-4888-A1A5-DBB9677426C7}.Debug|Any CPU.Build.0 = Debug|Any CPU
		{915F5AA3-0AC6-4888-A1A5-DBB9677426C7}.Release|Any CPU.ActiveCfg = Release|Any CPU
		{915F5AA3-0AC6-4888-A1A5-DBB9677426C7}.Release|Any CPU.Build.0 = Release|Any CPU
		{E6E4D445-2CEA-4262-B3CB-C1385D6E8F43}.Debug|Any CPU.ActiveCfg = Debug|Any CPU
		{E6E4D445-2CEA-4262-B3CB-C1385D6E8F43}.Debug|Any CPU.Build.0 = Debug|Any CPU
		{E6E4D445-2CEA-4262-B3CB-C1385D6E8F43}.Release|Any CPU.ActiveCfg = Release|Any CPU
		{E6E4D445-2CEA-4262-B3CB-C1385D6E8F43}.Release|Any CPU.Build.0 = Release|Any CPU
	EndGlobalSection
	GlobalSection(SolutionProperties) = preSolution
		HideSolutionNode = FALSE
	EndGlobalSection
	GlobalSection(ExtensibilityGlobals) = postSolution
		SolutionGuid = {63007153-6756-4BDF-B053-F43EB645FDB6}
	EndGlobalSection
EndGlobal
